Microsoft Visual Studio Solution File, Format Version 12.00
# Visual Studio Version 17
VisualStudioVersion = 17.5.2.0
MinimumVisualStudioVersion = 10.0.40219.1
Project("{FAE04EC0-301F-11D3-BF4B-00C04F79EFBC}") = "Steam", "Steam.csproj", "{3997BB9A-9F43-175F-A778-C5551E347EEE}"
EndProject
Global
	GlobalSection(SolutionConfigurationPlatforms) = preSolution
		Debug|Any CPU = Debug|Any CPU
		Release|Any CPU = Release|Any CPU
	EndGlobalSection
	GlobalSection(ProjectConfigurationPlatforms) = postSolution
		{3997BB9A-9F43-175F-A778-C5551E347EEE}.Debug|Any CPU.ActiveCfg = Debug|Any CPU
		{3997BB9A-9F43-175F-A778-C5551E347EEE}.Debug|Any CPU.Build.0 = Debug|Any CPU
		{3997BB9A-9F43-175F-A778-C5551E347EEE}.Release|Any CPU.ActiveCfg = Release|Any CPU
		{3997BB9A-9F43-175F-A778-C5551E347EEE}.Release|Any CPU.Build.0 = Release|Any CPU
	EndGlobalSection
	GlobalSection(SolutionProperties) = preSolution
		HideSolutionNode = FALSE
	EndGlobalSection
	GlobalSection(ExtensibilityGlobals) = postSolution
		SolutionGuid = {B6231B36-9786-4408-90F8-BF49340CD654}
	EndGlobalSection
EndGlobal
